// !$*UTF8*$!
{
	archiveVersion = 1;
	classes = {
	};
	objectVersion = 46;
	objects = {

/* Begin PBXBuildFile section */
		BC4F94D51E8984EE00C9E047 /* CloudKit.swift in Sources */ = {isa = PBXBuildFile; fileRef = BC4F94D41E8984EE00C9E047 /* CloudKit.swift */; };
		BC4F94D71E898D4900C9E047 /* HomeViewController.swift in Sources */ = {isa = PBXBuildFile; fileRef = BC4F94D61E898D4900C9E047 /* HomeViewController.swift */; };
		BC4F94D91E899FDF00C9E047 /* CloudKit.framework in Frameworks */ = {isa = PBXBuildFile; fileRef = BC4F94D81E899FDF00C9E047 /* CloudKit.framework */; };
		BC4F94DB1E8AD0E300C9E047 /* Post.swift in Sources */ = {isa = PBXBuildFile; fileRef = BC4F94DA1E8AD0E300C9E047 /* Post.swift */; };
		BC4F94DD1E8AD36E00C9E047 /* UIExtensions.swift in Sources */ = {isa = PBXBuildFile; fileRef = BC4F94DC1E8AD36E00C9E047 /* UIExtensions.swift */; };
		BC4F94DF1E8AE71A00C9E047 /* Filters.swift in Sources */ = {isa = PBXBuildFile; fileRef = BC4F94DE1E8AE71A00C9E047 /* Filters.swift */; };
		BCA55EA21E8C237000F62041 /* GalleryViewController.swift in Sources */ = {isa = PBXBuildFile; fileRef = BCA55EA11E8C237000F62041 /* GalleryViewController.swift */; };
		BCA55EA41E8C277900F62041 /* GalleryCell.swift in Sources */ = {isa = PBXBuildFile; fileRef = BCA55EA31E8C277900F62041 /* GalleryCell.swift */; };
		BCFC07BD1E897F4200A3F192 /* AppDelegate.swift in Sources */ = {isa = PBXBuildFile; fileRef = BCFC07BC1E897F4200A3F192 /* AppDelegate.swift */; };
		BCFC07C21E897F4200A3F192 /* Main.storyboard in Resources */ = {isa = PBXBuildFile; fileRef = BCFC07C01E897F4200A3F192 /* Main.storyboard */; };
		BCFC07C41E897F4200A3F192 /* Assets.xcassets in Resources */ = {isa = PBXBuildFile; fileRef = BCFC07C31E897F4200A3F192 /* Assets.xcassets */; };
		BCFC07C71E897F4200A3F192 /* LaunchScreen.storyboard in Resources */ = {isa = PBXBuildFile; fileRef = BCFC07C51E897F4200A3F192 /* LaunchScreen.storyboard */; };
/* End PBXBuildFile section */

/* Begin PBXFileReference section */
		BC4F94D41E8984EE00C9E047 /* CloudKit.swift */ = {isa = PBXFileReference; fileEncoding = 4; lastKnownFileType = sourcecode.swift; path = CloudKit.swift; sourceTree = "<group>"; };
		BC4F94D61E898D4900C9E047 /* HomeViewController.swift */ = {isa = PBXFileReference; fileEncoding = 4; lastKnownFileType = sourcecode.swift; path = HomeViewController.swift; sourceTree = "<group>"; };
		BC4F94D81E899FDF00C9E047 /* CloudKit.framework */ = {isa = PBXFileReference; lastKnownFileType = wrapper.framework; name = CloudKit.framework; path = System/Library/Frameworks/CloudKit.framework; sourceTree = SDKROOT; };
		BC4F94DA1E8AD0E300C9E047 /* Post.swift */ = {isa = PBXFileReference; fileEncoding = 4; lastKnownFileType = sourcecode.swift; path = Post.swift; sourceTree = "<group>"; };
		BC4F94DC1E8AD36E00C9E047 /* UIExtensions.swift */ = {isa = PBXFileReference; fileEncoding = 4; lastKnownFileType = sourcecode.swift; path = UIExtensions.swift; sourceTree = "<group>"; };
		BC4F94DE1E8AE71A00C9E047 /* Filters.swift */ = {isa = PBXFileReference; fileEncoding = 4; lastKnownFileType = sourcecode.swift; path = Filters.swift; sourceTree = "<group>"; };
		BCA55EA11E8C237000F62041 /* GalleryViewController.swift */ = {isa = PBXFileReference; fileEncoding = 4; lastKnownFileType = sourcecode.swift; path = GalleryViewController.swift; sourceTree = "<group>"; };
		BCA55EA31E8C277900F62041 /* GalleryCell.swift */ = {isa = PBXFileReference; fileEncoding = 4; lastKnownFileType = sourcecode.swift; path = GalleryCell.swift; sourceTree = "<group>"; };
		BCFC07B91E897F4200A3F192 /* picfeed.app */ = {isa = PBXFileReference; explicitFileType = wrapper.application; includeInIndex = 0; path = picfeed.app; sourceTree = BUILT_PRODUCTS_DIR; };
		BCFC07BC1E897F4200A3F192 /* AppDelegate.swift */ = {isa = PBXFileReference; lastKnownFileType = sourcecode.swift; path = AppDelegate.swift; sourceTree = "<group>"; };
		BCFC07C11E897F4200A3F192 /* Base */ = {isa = PBXFileReference; lastKnownFileType = file.storyboard; name = Base; path = Base.lproj/Main.storyboard; sourceTree = "<group>"; };
		BCFC07C31E897F4200A3F192 /* Assets.xcassets */ = {isa = PBXFileReference; lastKnownFileType = folder.assetcatalog; path = Assets.xcassets; sourceTree = "<group>"; };
		BCFC07C61E897F4200A3F192 /* Base */ = {isa = PBXFileReference; lastKnownFileType = file.storyboard; name = Base; path = Base.lproj/LaunchScreen.storyboard; sourceTree = "<group>"; };
		BCFC07C81E897F4200A3F192 /* Info.plist */ = {isa = PBXFileReference; lastKnownFileType = text.plist.xml; path = Info.plist; sourceTree = "<group>"; };
		BCFC07CE1E897F7D00A3F192 /* picfeed.entitlements */ = {isa = PBXFileReference; lastKnownFileType = text.plist.entitlements; path = picfeed.entitlements; sourceTree = "<group>"; };
/* End PBXFileReference section */

/* Begin PBXFrameworksBuildPhase section */
		BCFC07B61E897F4200A3F192 /* Frameworks */ = {
			isa = PBXFrameworksBuildPhase;
			buildActionMask = 2147483647;
			files = (
				BC4F94D91E899FDF00C9E047 /* CloudKit.framework in Frameworks */,
			);
			runOnlyForDeploymentPostprocessing = 0;
		};
/* End PBXFrameworksBuildPhase section */

/* Begin PBXGroup section */
		BC4F94D01E89822600C9E047 /* supporting */ = {
			isa = PBXGroup;
			children = (
				BCFC07C31E897F4200A3F192 /* Assets.xcassets */,
				BCFC07CE1E897F7D00A3F192 /* picfeed.entitlements */,
				BCFC07C81E897F4200A3F192 /* Info.plist */,
			);
			name = supporting;
			sourceTree = "<group>";
		};
		BC4F94D11E89823100C9E047 /* controllers */ = {
			isa = PBXGroup;
			children = (
				BCA55EA11E8C237000F62041 /* GalleryViewController.swift */,
				BC4F94D61E898D4900C9E047 /* HomeViewController.swift */,
				BC4F94D41E8984EE00C9E047 /* CloudKit.swift */,
				BCFC07BC1E897F4200A3F192 /* AppDelegate.swift */,
			);
			name = controllers;
			sourceTree = "<group>";
		};
		BC4F94D21E89824E00C9E047 /* views */ = {
			isa = PBXGroup;
			children = (
				BCA55EA31E8C277900F62041 /* GalleryCell.swift */,
				BCFC07C01E897F4200A3F192 /* Main.storyboard */,
				BCFC07C51E897F4200A3F192 /* LaunchScreen.storyboard */,
			);
			name = views;
			sourceTree = "<group>";
		};
		BC4F94D31E89825D00C9E047 /* model */ = {
			isa = PBXGroup;
			children = (
				BC4F94DE1E8AE71A00C9E047 /* Filters.swift */,
				BC4F94DA1E8AD0E300C9E047 /* Post.swift */,
				BC4F94DC1E8AD36E00C9E047 /* UIExtensions.swift */,
			);
			name = model;
			sourceTree = "<group>";
		};
		BCFC07B01E897F4200A3F192 = {
			isa = PBXGroup;
			children = (
				BCFC07BB1E897F4200A3F192 /* picfeed */,
				BCFC07BA1E897F4200A3F192 /* Products */,
				BCFC07CF1E89813800A3F192 /* Frameworks */,
			);
			sourceTree = "<group>";
		};
		BCFC07BA1E897F4200A3F192 /* Products */ = {
			isa = PBXGroup;
			children = (
				BCFC07B91E897F4200A3F192 /* picfeed.app */,
			);
			name = Products;
			sourceTree = "<group>";
		};
		BCFC07BB1E897F4200A3F192 /* picfeed */ = {
			isa = PBXGroup;
			children = (
				BC4F94D31E89825D00C9E047 /* model */,
				BC4F94D11E89823100C9E047 /* controllers */,
				BC4F94D01E89822600C9E047 /* supporting */,
				BC4F94D21E89824E00C9E047 /* views */,
			);
			path = picfeed;
			sourceTree = "<group>";
		};
		BCFC07CF1E89813800A3F192 /* Frameworks */ = {
			isa = PBXGroup;
			children = (
				BC4F94D81E899FDF00C9E047 /* CloudKit.framework */,
			);
			name = Frameworks;
			sourceTree = "<group>";
		};
/* End PBXGroup section */

/* Begin PBXNativeTarget section */
		BCFC07B81E897F4200A3F192 /* picfeed */ = {
			isa = PBXNativeTarget;
			buildConfigurationList = BCFC07CB1E897F4200A3F192 /* Build configuration list for PBXNativeTarget "picfeed" */;
			buildPhases = (
				BCFC07B51E897F4200A3F192 /* Sources */,
				BCFC07B61E897F4200A3F192 /* Frameworks */,
				BCFC07B71E897F4200A3F192 /* Resources */,
			);
			buildRules = (
			);
			dependencies = (
			);
			name = picfeed;
			productName = picfeed;
			productReference = BCFC07B91E897F4200A3F192 /* picfeed.app */;
			productType = "com.apple.product-type.application";
		};
/* End PBXNativeTarget section */

/* Begin PBXProject section */
		BCFC07B11E897F4200A3F192 /* Project object */ = {
			isa = PBXProject;
			attributes = {
				LastSwiftUpdateCheck = 0820;
				LastUpgradeCheck = 0820;
				ORGANIZATIONNAME = "Christina Lee";
				TargetAttributes = {
					BCFC07B81E897F4200A3F192 = {
						CreatedOnToolsVersion = 8.2.1;
						DevelopmentTeam = JW369YLHP8;
						ProvisioningStyle = Automatic;
						SystemCapabilities = {
							com.apple.Push = {
								enabled = 1;
							};
							com.apple.iCloud = {
								enabled = 1;
							};
						};
					};
				};
			};
			buildConfigurationList = BCFC07B41E897F4200A3F192 /* Build configuration list for PBXProject "picfeed" */;
			compatibilityVersion = "Xcode 3.2";
			developmentRegion = English;
			hasScannedForEncodings = 0;
			knownRegions = (
				en,
				Base,
			);
			mainGroup = BCFC07B01E897F4200A3F192;
			productRefGroup = BCFC07BA1E897F4200A3F192 /* Products */;
			projectDirPath = "";
			projectRoot = "";
			targets = (
				BCFC07B81E897F4200A3F192 /* picfeed */,
			);
		};
/* End PBXProject section */

/* Begin PBXResourcesBuildPhase section */
		BCFC07B71E897F4200A3F192 /* Resources */ = {
			isa = PBXResourcesBuildPhase;
			buildActionMask = 2147483647;
			files = (
				BCFC07C71E897F4200A3F192 /* LaunchScreen.storyboard in Resources */,
				BCFC07C41E897F4200A3F192 /* Assets.xcassets in Resources */,
				BCFC07C21E897F4200A3F192 /* Main.storyboard in Resources */,
			);
			runOnlyForDeploymentPostprocessing = 0;
		};
/* End PBXResourcesBuildPhase section */

/* Begin PBXSourcesBuildPhase section */
		BCFC07B51E897F4200A3F192 /* Sources */ = {
			isa = PBXSourcesBuildPhase;
			buildActionMask = 2147483647;
			files = (
				BC4F94D51E8984EE00C9E047 /* CloudKit.swift in Sources */,
				BCA55EA21E8C237000F62041 /* GalleryViewController.swift in Sources */,
				BCFC07BD1E897F4200A3F192 /* AppDelegate.swift in Sources */,
				BC4F94D71E898D4900C9E047 /* HomeViewController.swift in Sources */,
				BCA55EA41E8C277900F62041 /* GalleryCell.swift in Sources */,
				BC4F94DF1E8AE71A00C9E047 /* Filters.swift in Sources */,
				BC4F94DD1E8AD36E00C9E047 /* UIExtensions.swift in Sources */,
				BC4F94DB1E8AD0E300C9E047 /* Post.swift in Sources */,
			);
			runOnlyForDeploymentPostprocessing = 0;
		};
/* End PBXSourcesBuildPhase section */

/* Begin PBXVariantGroup section */
		BCFC07C01E897F4200A3F192 /* Main.storyboard */ = {
			isa = PBXVariantGroup;
			children = (
				BCFC07C11E897F4200A3F192 /* Base */,
			);
			name = Main.storyboard;
			sourceTree = "<group>";
		};
		BCFC07C51E897F4200A3F192 /* LaunchScreen.storyboard */ = {
			isa = PBXVariantGroup;
			children = (
				BCFC07C61E897F4200A3F192 /* Base */,
			);
			name = LaunchScreen.storyboard;
			sourceTree = "<group>";
		};
/* End PBXVariantGroup section */

/* Begin XCBuildConfiguration section */
		BCFC07C91E897F4200A3F192 /* Debug */ = {
			isa = XCBuildConfiguration;
			buildSettings = {
				ALWAYS_SEARCH_USER_PATHS = NO;
				CLANG_ANALYZER_NONNULL = YES;
				CLANG_CXX_LANGUAGE_STANDARD = "gnu++0x";
				CLANG_CXX_LIBRARY = "libc++";
				CLANG_ENABLE_MODULES = YES;
				CLANG_ENABLE_OBJC_ARC = YES;
				CLANG_WARN_BOOL_CONVERSION = YES;
				CLANG_WARN_CONSTANT_CONVERSION = YES;
				CLANG_WARN_DIRECT_OBJC_ISA_USAGE = YES_ERROR;
				CLANG_WARN_DOCUMENTATION_COMMENTS = YES;
				CLANG_WARN_EMPTY_BODY = YES;
				CLANG_WARN_ENUM_CONVERSION = YES;
				CLANG_WARN_INFINITE_RECURSION = YES;
				CLANG_WARN_INT_CONVERSION = YES;
				CLANG_WARN_OBJC_ROOT_CLASS = YES_ERROR;
				CLANG_WARN_SUSPICIOUS_MOVE = YES;
				CLANG_WARN_UNREACHABLE_CODE = YES;
				CLANG_WARN__DUPLICATE_METHOD_MATCH = YES;
				"CODE_SIGN_IDENTITY[sdk=iphoneos*]" = "iPhone Developer";
				COPY_PHASE_STRIP = NO;
				DEBUG_INFORMATION_FORMAT = dwarf;
				ENABLE_STRICT_OBJC_MSGSEND = YES;
				ENABLE_TESTABILITY = YES;
				GCC_C_LANGUAGE_STANDARD = gnu99;
				GCC_DYNAMIC_NO_PIC = NO;
				GCC_NO_COMMON_BLOCKS = YES;
				GCC_OPTIMIZATION_LEVEL = 0;
				GCC_PREPROCESSOR_DEFINITIONS = (
					"DEBUG=1",
					"$(inherited)",
				);
				GCC_WARN_64_TO_32_BIT_CONVERSION = YES;
				GCC_WARN_ABOUT_RETURN_TYPE = YES_ERROR;
				GCC_WARN_UNDECLARED_SELECTOR = YES;
				GCC_WARN_UNINITIALIZED_AUTOS = YES_AGGRESSIVE;
				GCC_WARN_UNUSED_FUNCTION = YES;
				GCC_WARN_UNUSED_VARIABLE = YES;
				IPHONEOS_DEPLOYMENT_TARGET = 10.2;
				MTL_ENABLE_DEBUG_INFO = YES;
				ONLY_ACTIVE_ARCH = YES;
				SDKROOT = iphoneos;
				SWIFT_ACTIVE_COMPILATION_CONDITIONS = DEBUG;
				SWIFT_OPTIMIZATION_LEVEL = "-Onone";
				TARGETED_DEVICE_FAMILY = "1,2";
			};
			name = Debug;
		};
		BCFC07CA1E897F4200A3F192 /* Release */ = {
			isa = XCBuildConfiguration;
			buildSettings = {
				ALWAYS_SEARCH_USER_PATHS = NO;
				CLANG_ANALYZER_NONNULL = YES;
				CLANG_CXX_LANGUAGE_STANDARD = "gnu++0x";
				CLANG_CXX_LIBRARY = "libc++";
				CLANG_ENABLE_MODULES = YES;
				CLANG_ENABLE_OBJC_ARC = YES;
				CLANG_WARN_BOOL_CONVERSION = YES;
				CLANG_WARN_CONSTANT_CONVERSION = YES;
				CLANG_WARN_DIRECT_OBJC_ISA_USAGE = YES_ERROR;
				CLANG_WARN_DOCUMENTATION_COMMENTS = YES;
				CLANG_WARN_EMPTY_BODY = YES;
				CLANG_WARN_ENUM_CONVERSION = YES;
				CLANG_WARN_INFINITE_RECURSION = YES;
				CLANG_WARN_INT_CONVERSION = YES;
				CLANG_WARN_OBJC_ROOT_CLASS = YES_ERROR;
				CLANG_WARN_SUSPICIOUS_MOVE = YES;
				CLANG_WARN_UNREACHABLE_CODE = YES;
				CLANG_WARN__DUPLICATE_METHOD_MATCH = YES;
				"CODE_SIGN_IDENTITY[sdk=iphoneos*]" = "iPhone Developer";
				COPY_PHASE_STRIP = NO;
				DEBUG_INFORMATION_FORMAT = "dwarf-with-dsym";
				ENABLE_NS_ASSERTIONS = NO;
				ENABLE_STRICT_OBJC_MSGSEND = YES;
				GCC_C_LANGUAGE_STANDARD = gnu99;
				GCC_NO_COMMON_BLOCKS = YES;
				GCC_WARN_64_TO_32_BIT_CONVERSION = YES;
				GCC_WARN_ABOUT_RETURN_TYPE = YES_ERROR;
				GCC_WARN_UNDECLARED_SELECTOR = YES;
				GCC_WARN_UNINITIALIZED_AUTOS = YES_AGGRESSIVE;
				GCC_WARN_UNUSED_FUNCTION = YES;
				GCC_WARN_UNUSED_VARIABLE = YES;
				IPHONEOS_DEPLOYMENT_TARGET = 10.2;
				MTL_ENABLE_DEBUG_INFO = NO;
				SDKROOT = iphoneos;
				SWIFT_OPTIMIZATION_LEVEL = "-Owholemodule";
				TARGETED_DEVICE_FAMILY = "1,2";
				VALIDATE_PRODUCT = YES;
			};
			name = Release;
		};
		BCFC07CC1E897F4200A3F192 /* Debug */ = {
			isa = XCBuildConfiguration;
			buildSettings = {
				ASSETCATALOG_COMPILER_APPICON_NAME = AppIcon;
				CODE_SIGN_ENTITLEMENTS = picfeed/picfeed.entitlements;
				DEVELOPMENT_TEAM = JW369YLHP8;
				INFOPLIST_FILE = picfeed/Info.plist;
				LD_RUNPATH_SEARCH_PATHS = "$(inherited) @executable_path/Frameworks";
				PRODUCT_BUNDLE_IDENTIFIER = "com.christina-lee.picfeed";
				PRODUCT_NAME = "$(TARGET_NAME)";
				SWIFT_VERSION = 3.0;
			};
			name = Debug;
		};
		BCFC07CD1E897F4200A3F192 /* Release */ = {
			isa = XCBuildConfiguration;
			buildSettings = {
				ASSETCATALOG_COMPILER_APPICON_NAME = AppIcon;
				CODE_SIGN_ENTITLEMENTS = picfeed/picfeed.entitlements;
				DEVELOPMENT_TEAM = JW369YLHP8;
				INFOPLIST_FILE = picfeed/Info.plist;
				LD_RUNPATH_SEARCH_PATHS = "$(inherited) @executable_path/Frameworks";
				PRODUCT_BUNDLE_IDENTIFIER = "com.christina-lee.picfeed";
				PRODUCT_NAME = "$(TARGET_NAME)";
				SWIFT_VERSION = 3.0;
			};
			name = Release;
		};
/* End XCBuildConfiguration section */

/* Begin XCConfigurationList section */
		BCFC07B41E897F4200A3F192 /* Build configuration list for PBXProject "picfeed" */ = {
			isa = XCConfigurationList;
			buildConfigurations = (
				BCFC07C91E897F4200A3F192 /* Debug */,
				BCFC07CA1E897F4200A3F192 /* Release */,
			);
			defaultConfigurationIsVisible = 0;
			defaultConfigurationName = Release;
		};
		BCFC07CB1E897F4200A3F192 /* Build configuration list for PBXNativeTarget "picfeed" */ = {
			isa = XCConfigurationList;
			buildConfigurations = (
				BCFC07CC1E897F4200A3F192 /* Debug */,
				BCFC07CD1E897F4200A3F192 /* Release */,
			);
			defaultConfigurationIsVisible = 0;
			defaultConfigurationName = Release;
		};
/* End XCConfigurationList section */
	};
	rootObject = BCFC07B11E897F4200A3F192 /* Project object */;
}
